
Microsoft Visual Studio Solution File, Format Version 12.00
# Visual Studio Version 17
VisualStudioVersion = 17.8.34511.84
MinimumVisualStudioVersion = 10.0.40219.1
Project("{FAE04EC0-301F-11D3-BF4B-00C04F79EFBC}") = "18 day", "18 day.csproj", "{713E8CF5-8F8F-482B-8C95-5EFB67C83251}"
EndProject
Global
	GlobalSection(SolutionConfigurationPlatforms) = preSolution
		Debug|Any CPU = Debug|Any CPU
		Release|Any CPU = Release|Any CPU
	EndGlobalSection
	GlobalSection(ProjectConfigurationPlatforms) = postSolution
		{713E8CF5-8F8F-482B-8C95-5EFB67C83251}.Debug|Any CPU.ActiveCfg = Debug|Any CPU
		{713E8CF5-8F8F-482B-8C95-5EFB67C83251}.Debug|Any CPU.Build.0 = Debug|Any CPU
		{713E8CF5-8F8F-482B-8C95-5EFB67C83251}.Release|Any CPU.ActiveCfg = Release|Any CPU
		{713E8CF5-8F8F-482B-8C95-5EFB67C83251}.Release|Any CPU.Build.0 = Release|Any CPU
	EndGlobalSection
	GlobalSection(SolutionProperties) = preSolution
		HideSolutionNode = FALSE
	EndGlobalSection
	GlobalSection(ExtensibilityGlobals) = postSolution
		SolutionGuid = {4F8D83B9-D9E1-4D10-A62F-55EA969D79BC}
	EndGlobalSection
EndGlobal
